// !$*UTF8*$!
{
	archiveVersion = 1;
	classes = {
	};
	objectVersion = 48;
	objects = {

/* Begin PBXBuildFile section */
		350F62ED20337E5F00954624 /* shaders in CopyFiles */ = {isa = PBXBuildFile; fileRef = 350F62EC20337E5A00954624 /* shaders */; };
		3517C6F8202B738800C35683 /* assets in CopyFiles */ = {isa = PBXBuildFile; fileRef = 358D6C5C202B1A800043BD56 /* assets */; };
		3517C6FB202B983300C35683 /* CubeMap.cpp in Sources */ = {isa = PBXBuildFile; fileRef = 3517C6F9202B983300C35683 /* CubeMap.cpp */; };
		3517C6FC202B983300C35683 /* CubeMap.cpp in Sources */ = {isa = PBXBuildFile; fileRef = 3517C6F9202B983300C35683 /* CubeMap.cpp */; };
		3517C704202C5D2D00C35683 /* GLProgram.cpp in Sources */ = {isa = PBXBuildFile; fileRef = 358D6C6A202B28E80043BD56 /* GLProgram.cpp */; };
		3517C705202C5D2D00C35683 /* Mesh.cpp in Sources */ = {isa = PBXBuildFile; fileRef = 358D6C67202B28E80043BD56 /* Mesh.cpp */; };
		3517C706202C5D2D00C35683 /* Texture.cpp in Sources */ = {isa = PBXBuildFile; fileRef = 358D6C69202B28E80043BD56 /* Texture.cpp */; };
		3517C708202C5D2D00C35683 /* GLApplication.cpp in Sources */ = {isa = PBXBuildFile; fileRef = 358D6C6B202B28E80043BD56 /* GLApplication.cpp */; };
		3517C709202C5D2D00C35683 /* CubeMap.cpp in Sources */ = {isa = PBXBuildFile; fileRef = 3517C6F9202B983300C35683 /* CubeMap.cpp */; };
		3517C70B202C5D2D00C35683 /* CoreFoundation.framework in Frameworks */ = {isa = PBXBuildFile; fileRef = 35DCB1832028E4FC00F489AE /* CoreFoundation.framework */; };
		3517C70C202C5D2D00C35683 /* libSOIL.a in Frameworks */ = {isa = PBXBuildFile; fileRef = 359D770320231C5E008E378A /* libSOIL.a */; };
		3517C70D202C5D2D00C35683 /* libSDL2-2.0.0.dylib in Frameworks */ = {isa = PBXBuildFile; fileRef = 35DCB18C2028E84C00F489AE /* libSDL2-2.0.0.dylib */; };
		3517C70E202C5D2D00C35683 /* libGLEW.2.1.0.dylib in Frameworks */ = {isa = PBXBuildFile; fileRef = 351F303D201FB28B006C4051 /* libGLEW.2.1.0.dylib */; };
		3517C70F202C5D2D00C35683 /* libassimp.4.1.0.dylib in Frameworks */ = {isa = PBXBuildFile; fileRef = 35574ED9201E56D700F56AC7 /* libassimp.4.1.0.dylib */; };
		3517C710202C5D2D00C35683 /* OpenGL.framework in Frameworks */ = {isa = PBXBuildFile; fileRef = 35574EB9201E53BA00F56AC7 /* OpenGL.framework */; };
		3517C711202C5D2D00C35683 /* GLUT.framework in Frameworks */ = {isa = PBXBuildFile; fileRef = 35574EB7201E53B500F56AC7 /* GLUT.framework */; };
		3517C713202C5D2D00C35683 /* assets in CopyFiles */ = {isa = PBXBuildFile; fileRef = 358D6C5C202B1A800043BD56 /* assets */; };
		3517C721202C5E3400C35683 /* main.cpp in Sources */ = {isa = PBXBuildFile; fileRef = 35574E97201E52ED00F56AC7 /* main.cpp */; };
		351A343C202E2D78003D73E2 /* main.cpp in Sources */ = {isa = PBXBuildFile; fileRef = 351A343B202E2D78003D73E2 /* main.cpp */; };
		351F303F201FB2A2006C4051 /* libGLEW.2.1.0.dylib in Frameworks */ = {isa = PBXBuildFile; fileRef = 351F303D201FB28B006C4051 /* libGLEW.2.1.0.dylib */; };
		351F3040201FB61C006C4051 /* libGLEW.2.1.0.dylib in Frameworks */ = {isa = PBXBuildFile; fileRef = 351F303D201FB28B006C4051 /* libGLEW.2.1.0.dylib */; };
		35574EB8201E53B500F56AC7 /* GLUT.framework in Frameworks */ = {isa = PBXBuildFile; fileRef = 35574EB7201E53B500F56AC7 /* GLUT.framework */; };
		35574EBA201E53BA00F56AC7 /* OpenGL.framework in Frameworks */ = {isa = PBXBuildFile; fileRef = 35574EB9201E53BA00F56AC7 /* OpenGL.framework */; };
		35574EC3201E53E400F56AC7 /* shaders in CopyFiles */ = {isa = PBXBuildFile; fileRef = 35574EA0201E531B00F56AC7 /* shaders */; };
		35574ED0201E546B00F56AC7 /* OpenGL.framework in Frameworks */ = {isa = PBXBuildFile; fileRef = 35574EB9201E53BA00F56AC7 /* OpenGL.framework */; };
		35574ED1201E546B00F56AC7 /* GLUT.framework in Frameworks */ = {isa = PBXBuildFile; fileRef = 35574EB7201E53B500F56AC7 /* GLUT.framework */; };
		35574EDA201E56D700F56AC7 /* libassimp.4.1.0.dylib in Frameworks */ = {isa = PBXBuildFile; fileRef = 35574ED9201E56D700F56AC7 /* libassimp.4.1.0.dylib */; };
		355A736B2028AEBC008FC8E4 /* libglfw.3.2.dylib in Frameworks */ = {isa = PBXBuildFile; fileRef = 351F303B201FB273006C4051 /* libglfw.3.2.dylib */; };
		35714BEE2031BB7E00DF04E0 /* Skybox.cpp in Sources */ = {isa = PBXBuildFile; fileRef = 35714BEC2031BB7E00DF04E0 /* Skybox.cpp */; };
		35714BEF2031BB7E00DF04E0 /* Skybox.cpp in Sources */ = {isa = PBXBuildFile; fileRef = 35714BEC2031BB7E00DF04E0 /* Skybox.cpp */; };
		35714BF02031BB7E00DF04E0 /* Skybox.cpp in Sources */ = {isa = PBXBuildFile; fileRef = 35714BEC2031BB7E00DF04E0 /* Skybox.cpp */; };
		358D6C49202900110043BD56 /* shaders in CopyFiles */ = {isa = PBXBuildFile; fileRef = 35574EAA201E535C00F56AC7 /* shaders */; };
		358D6C522029EED00043BD56 /* libSOIL.a in Frameworks */ = {isa = PBXBuildFile; fileRef = 359D770320231C5E008E378A /* libSOIL.a */; };
		358D6C532029EEE50043BD56 /* CoreFoundation.framework in Frameworks */ = {isa = PBXBuildFile; fileRef = 35DCB1832028E4FC00F489AE /* CoreFoundation.framework */; };
		358D6C60202B239C0043BD56 /* main.cpp in Sources */ = {isa = PBXBuildFile; fileRef = 358D6C5E202B239C0043BD56 /* main.cpp */; };
		358D6C63202B27AB0043BD56 /* libSDL2-2.0.0.dylib in Frameworks */ = {isa = PBXBuildFile; fileRef = 35DCB18C2028E84C00F489AE /* libSDL2-2.0.0.dylib */; };
		358D6C64202B27BA0043BD56 /* libSOIL.a in Frameworks */ = {isa = PBXBuildFile; fileRef = 359D770320231C5E008E378A /* libSOIL.a */; };
		358D6C65202B28150043BD56 /* CoreFoundation.framework in Frameworks */ = {isa = PBXBuildFile; fileRef = 35DCB1832028E4FC00F489AE /* CoreFoundation.framework */; };
		358D6C6F202B28E80043BD56 /* Mesh.cpp in Sources */ = {isa = PBXBuildFile; fileRef = 358D6C67202B28E80043BD56 /* Mesh.cpp */; };
		358D6C70202B28E80043BD56 /* Mesh.cpp in Sources */ = {isa = PBXBuildFile; fileRef = 358D6C67202B28E80043BD56 /* Mesh.cpp */; };
		358D6C71202B28E80043BD56 /* Texture.cpp in Sources */ = {isa = PBXBuildFile; fileRef = 358D6C69202B28E80043BD56 /* Texture.cpp */; };
		358D6C72202B28E80043BD56 /* Texture.cpp in Sources */ = {isa = PBXBuildFile; fileRef = 358D6C69202B28E80043BD56 /* Texture.cpp */; };
		358D6C73202B28E80043BD56 /* GLProgram.cpp in Sources */ = {isa = PBXBuildFile; fileRef = 358D6C6A202B28E80043BD56 /* GLProgram.cpp */; };
		358D6C74202B28E80043BD56 /* GLProgram.cpp in Sources */ = {isa = PBXBuildFile; fileRef = 358D6C6A202B28E80043BD56 /* GLProgram.cpp */; };
		358D6C75202B28E80043BD56 /* GLApplication.cpp in Sources */ = {isa = PBXBuildFile; fileRef = 358D6C6B202B28E80043BD56 /* GLApplication.cpp */; };
		358D6C76202B28E80043BD56 /* GLApplication.cpp in Sources */ = {isa = PBXBuildFile; fileRef = 358D6C6B202B28E80043BD56 /* GLApplication.cpp */; };
		35DCB18D2028E84C00F489AE /* libSDL2-2.0.0.dylib in Frameworks */ = {isa = PBXBuildFile; fileRef = 35DCB18C2028E84C00F489AE /* libSDL2-2.0.0.dylib */; };
/* End PBXBuildFile section */

/* Begin PBXCopyFilesBuildPhase section */
		3517C712202C5D2D00C35683 /* CopyFiles */ = {
			isa = PBXCopyFilesBuildPhase;
			buildActionMask = 12;
			dstPath = "";
			dstSubfolderSpec = 16;
			files = (
				350F62ED20337E5F00954624 /* shaders in CopyFiles */,
				3517C713202C5D2D00C35683 /* assets in CopyFiles */,
			);
			runOnlyForDeploymentPostprocessing = 0;
		};
		35574EAD201E53AD00F56AC7 /* CopyFiles */ = {
			isa = PBXCopyFilesBuildPhase;
			buildActionMask = 12;
			dstPath = "";
			dstSubfolderSpec = 16;
			files = (
				35574EC3201E53E400F56AC7 /* shaders in CopyFiles */,
			);
			runOnlyForDeploymentPostprocessing = 0;
		};
		35574ED2201E546B00F56AC7 /* CopyFiles */ = {
			isa = PBXCopyFilesBuildPhase;
			buildActionMask = 12;
			dstPath = "";
			dstSubfolderSpec = 16;
			files = (
				3517C6F8202B738800C35683 /* assets in CopyFiles */,
				358D6C49202900110043BD56 /* shaders in CopyFiles */,
			);
			runOnlyForDeploymentPostprocessing = 0;
		};
/* End PBXCopyFilesBuildPhase section */

/* Begin PBXFileReference section */
		350F62EC20337E5A00954624 /* shaders */ = {isa = PBXFileReference; lastKnownFileType = folder; path = shaders; sourceTree = "<group>"; };
		3517C6F1202B323100C35683 /* Size.hpp */ = {isa = PBXFileReference; lastKnownFileType = sourcecode.cpp.h; path = Size.hpp; sourceTree = "<group>"; };
		3517C6F9202B983300C35683 /* CubeMap.cpp */ = {isa = PBXFileReference; lastKnownFileType = sourcecode.cpp.cpp; path = CubeMap.cpp; sourceTree = "<group>"; };
		3517C6FA202B983300C35683 /* CubeMap.hpp */ = {isa = PBXFileReference; lastKnownFileType = sourcecode.cpp.h; path = CubeMap.hpp; sourceTree = "<group>"; };
		3517C718202C5D2D00C35683 /* surface-mapping */ = {isa = PBXFileReference; explicitFileType = "compiled.mach-o.executable"; includeInIndex = 0; path = "surface-mapping"; sourceTree = BUILT_PRODUCTS_DIR; };
		351A343B202E2D78003D73E2 /* main.cpp */ = {isa = PBXFileReference; fileEncoding = 4; lastKnownFileType = sourcecode.cpp.cpp; path = main.cpp; sourceTree = "<group>"; };
		351F303B201FB273006C4051 /* libglfw.3.2.dylib */ = {isa = PBXFileReference; lastKnownFileType = "compiled.mach-o.dylib"; name = libglfw.3.2.dylib; path = ../../../../usr/local/Cellar/glfw/3.2.1/lib/libglfw.3.2.dylib; sourceTree = "<group>"; };
		351F303D201FB28B006C4051 /* libGLEW.2.1.0.dylib */ = {isa = PBXFileReference; lastKnownFileType = "compiled.mach-o.dylib"; name = libGLEW.2.1.0.dylib; path = ../../../../usr/local/Cellar/glew/2.1.0/lib/libGLEW.2.1.0.dylib; sourceTree = "<group>"; };
		35574E97201E52ED00F56AC7 /* main.cpp */ = {isa = PBXFileReference; fileEncoding = 4; lastKnownFileType = sourcecode.cpp.cpp; path = main.cpp; sourceTree = "<group>"; };
		35574EA0201E531B00F56AC7 /* shaders */ = {isa = PBXFileReference; lastKnownFileType = folder; path = shaders; sourceTree = "<group>"; };
		35574EAA201E535C00F56AC7 /* shaders */ = {isa = PBXFileReference; lastKnownFileType = folder; path = shaders; sourceTree = "<group>"; };
		35574EAF201E53AD00F56AC7 /* reflectance-models */ = {isa = PBXFileReference; explicitFileType = "compiled.mach-o.executable"; includeInIndex = 0; path = "reflectance-models"; sourceTree = BUILT_PRODUCTS_DIR; };
		35574EB7201E53B500F56AC7 /* GLUT.framework */ = {isa = PBXFileReference; lastKnownFileType = wrapper.framework; name = GLUT.framework; path = System/Library/Frameworks/GLUT.framework; sourceTree = SDKROOT; };
		35574EB9201E53BA00F56AC7 /* OpenGL.framework */ = {isa = PBXFileReference; lastKnownFileType = wrapper.framework; name = OpenGL.framework; path = System/Library/Frameworks/OpenGL.framework; sourceTree = SDKROOT; };
		35574EBB201E53D100F56AC7 /* libGLEW.a */ = {isa = PBXFileReference; lastKnownFileType = archive.ar; name = libGLEW.a; path = ../../../../usr/local/Cellar/glew/2.1.0/lib/libGLEW.a; sourceTree = "<group>"; };
		35574ED7201E546B00F56AC7 /* transmitance-effects */ = {isa = PBXFileReference; explicitFileType = "compiled.mach-o.executable"; includeInIndex = 0; path = "transmitance-effects"; sourceTree = BUILT_PRODUCTS_DIR; };
		35574ED9201E56D700F56AC7 /* libassimp.4.1.0.dylib */ = {isa = PBXFileReference; lastKnownFileType = "compiled.mach-o.dylib"; name = libassimp.4.1.0.dylib; path = ../../../../usr/local/Cellar/assimp/4.1.0/lib/libassimp.4.1.0.dylib; sourceTree = "<group>"; };
		35714BEC2031BB7E00DF04E0 /* Skybox.cpp */ = {isa = PBXFileReference; lastKnownFileType = sourcecode.cpp.cpp; path = Skybox.cpp; sourceTree = "<group>"; };
		35714BED2031BB7E00DF04E0 /* Skybox.hpp */ = {isa = PBXFileReference; lastKnownFileType = sourcecode.cpp.h; path = Skybox.hpp; sourceTree = "<group>"; };
		358D6C5C202B1A800043BD56 /* assets */ = {isa = PBXFileReference; lastKnownFileType = folder; path = assets; sourceTree = "<group>"; };
		358D6C5E202B239C0043BD56 /* main.cpp */ = {isa = PBXFileReference; lastKnownFileType = sourcecode.cpp.cpp; path = main.cpp; sourceTree = "<group>"; };
		358D6C61202B279B0043BD56 /* libSDL-1.2.0.dylib */ = {isa = PBXFileReference; lastKnownFileType = "compiled.mach-o.dylib"; name = "libSDL-1.2.0.dylib"; path = "../../../../usr/local/Cellar/sdl/1.2.15/lib/libSDL-1.2.0.dylib"; sourceTree = "<group>"; };
		358D6C67202B28E80043BD56 /* Mesh.cpp */ = {isa = PBXFileReference; fileEncoding = 4; lastKnownFileType = sourcecode.cpp.cpp; path = Mesh.cpp; sourceTree = "<group>"; };
		358D6C68202B28E80043BD56 /* GLApplication.hpp */ = {isa = PBXFileReference; fileEncoding = 4; lastKnownFileType = sourcecode.cpp.h; path = GLApplication.hpp; sourceTree = "<group>"; };
		358D6C69202B28E80043BD56 /* Texture.cpp */ = {isa = PBXFileReference; fileEncoding = 4; lastKnownFileType = sourcecode.cpp.cpp; path = Texture.cpp; sourceTree = "<group>"; };
		358D6C6A202B28E80043BD56 /* GLProgram.cpp */ = {isa = PBXFileReference; fileEncoding = 4; lastKnownFileType = sourcecode.cpp.cpp; path = GLProgram.cpp; sourceTree = "<group>"; };
		358D6C6B202B28E80043BD56 /* GLApplication.cpp */ = {isa = PBXFileReference; fileEncoding = 4; lastKnownFileType = sourcecode.cpp.cpp; path = GLApplication.cpp; sourceTree = "<group>"; };
		358D6C6C202B28E80043BD56 /* Texture.hpp */ = {isa = PBXFileReference; fileEncoding = 4; lastKnownFileType = sourcecode.cpp.h; path = Texture.hpp; sourceTree = "<group>"; };
		358D6C6D202B28E80043BD56 /* GLProgram.hpp */ = {isa = PBXFileReference; fileEncoding = 4; lastKnownFileType = sourcecode.cpp.h; path = GLProgram.hpp; sourceTree = "<group>"; };
		358D6C6E202B28E80043BD56 /* Mesh.hpp */ = {isa = PBXFileReference; fileEncoding = 4; lastKnownFileType = sourcecode.cpp.h; path = Mesh.hpp; sourceTree = "<group>"; };
		358D6C77202B28F50043BD56 /* teapot.h */ = {isa = PBXFileReference; fileEncoding = 4; lastKnownFileType = sourcecode.c.h; path = teapot.h; sourceTree = "<group>"; };
		359D770320231C5E008E378A /* libSOIL.a */ = {isa = PBXFileReference; lastKnownFileType = archive.ar; name = libSOIL.a; path = ../../../../usr/local/lib/libSOIL.a; sourceTree = "<group>"; };
		35DCB1812028E45300F489AE /* libglfw3.a */ = {isa = PBXFileReference; lastKnownFileType = archive.ar; name = libglfw3.a; path = ../../../../usr/local/lib/libglfw3.a; sourceTree = "<group>"; };
		35DCB1832028E4FC00F489AE /* CoreFoundation.framework */ = {isa = PBXFileReference; lastKnownFileType = wrapper.framework; name = CoreFoundation.framework; path = System/Library/Frameworks/CoreFoundation.framework; sourceTree = SDKROOT; };
		35DCB1852028E50F00F489AE /* AppKit.framework */ = {isa = PBXFileReference; lastKnownFileType = wrapper.framework; name = AppKit.framework; path = System/Library/Frameworks/AppKit.framework; sourceTree = SDKROOT; };
		35DCB1872028E52500F489AE /* IOKit.framework */ = {isa = PBXFileReference; lastKnownFileType = wrapper.framework; name = IOKit.framework; path = System/Library/Frameworks/IOKit.framework; sourceTree = SDKROOT; };
		35DCB1892028E53000F489AE /* CoreVideo.framework */ = {isa = PBXFileReference; lastKnownFileType = wrapper.framework; name = CoreVideo.framework; path = System/Library/Frameworks/CoreVideo.framework; sourceTree = SDKROOT; };
		35DCB18C2028E84C00F489AE /* libSDL2-2.0.0.dylib */ = {isa = PBXFileReference; lastKnownFileType = "compiled.mach-o.dylib"; name = "libSDL2-2.0.0.dylib"; path = "../../../../usr/local/Cellar/sdl2/2.0.7/lib/libSDL2-2.0.0.dylib"; sourceTree = "<group>"; };
/* End PBXFileReference section */

/* Begin PBXFrameworksBuildPhase section */
		3517C70A202C5D2D00C35683 /* Frameworks */ = {
			isa = PBXFrameworksBuildPhase;
			buildActionMask = 2147483647;
			files = (
				3517C70B202C5D2D00C35683 /* CoreFoundation.framework in Frameworks */,
				3517C70C202C5D2D00C35683 /* libSOIL.a in Frameworks */,
				3517C70D202C5D2D00C35683 /* libSDL2-2.0.0.dylib in Frameworks */,
				3517C70E202C5D2D00C35683 /* libGLEW.2.1.0.dylib in Frameworks */,
				3517C70F202C5D2D00C35683 /* libassimp.4.1.0.dylib in Frameworks */,
				3517C710202C5D2D00C35683 /* OpenGL.framework in Frameworks */,
				3517C711202C5D2D00C35683 /* GLUT.framework in Frameworks */,
			);
			runOnlyForDeploymentPostprocessing = 0;
		};
		35574EAC201E53AD00F56AC7 /* Frameworks */ = {
			isa = PBXFrameworksBuildPhase;
			buildActionMask = 2147483647;
			files = (
				358D6C65202B28150043BD56 /* CoreFoundation.framework in Frameworks */,
				358D6C64202B27BA0043BD56 /* libSOIL.a in Frameworks */,
				358D6C63202B27AB0043BD56 /* libSDL2-2.0.0.dylib in Frameworks */,
				355A736B2028AEBC008FC8E4 /* libglfw.3.2.dylib in Frameworks */,
				351F303F201FB2A2006C4051 /* libGLEW.2.1.0.dylib in Frameworks */,
				35574EBA201E53BA00F56AC7 /* OpenGL.framework in Frameworks */,
				35574EB8201E53B500F56AC7 /* GLUT.framework in Frameworks */,
			);
			runOnlyForDeploymentPostprocessing = 0;
		};
		35574ECE201E546B00F56AC7 /* Frameworks */ = {
			isa = PBXFrameworksBuildPhase;
			buildActionMask = 2147483647;
			files = (
				358D6C532029EEE50043BD56 /* CoreFoundation.framework in Frameworks */,
				358D6C522029EED00043BD56 /* libSOIL.a in Frameworks */,
				35DCB18D2028E84C00F489AE /* libSDL2-2.0.0.dylib in Frameworks */,
				351F3040201FB61C006C4051 /* libGLEW.2.1.0.dylib in Frameworks */,
				35574EDA201E56D700F56AC7 /* libassimp.4.1.0.dylib in Frameworks */,
				35574ED0201E546B00F56AC7 /* OpenGL.framework in Frameworks */,
				35574ED1201E546B00F56AC7 /* GLUT.framework in Frameworks */,
			);
			runOnlyForDeploymentPostprocessing = 0;
		};
/* End PBXFrameworksBuildPhase section */

/* Begin PBXGroup section */
		351A3437202E2D78003D73E2 /* surface-mapping */ = {
			isa = PBXGroup;
			children = (
				350F62EC20337E5A00954624 /* shaders */,
				351A343B202E2D78003D73E2 /* main.cpp */,
			);
			path = "surface-mapping";
			sourceTree = "<group>";
		};
		35574E65201E524F00F56AC7 = {
			isa = PBXGroup;
			children = (
				35574E70201E524F00F56AC7 /* Rendering-GLSL */,
				35574E6F201E524F00F56AC7 /* Products */,
				35574EB6201E53B400F56AC7 /* Frameworks */,
			);
			sourceTree = "<group>";
		};
		35574E6F201E524F00F56AC7 /* Products */ = {
			isa = PBXGroup;
			children = (
				35574EAF201E53AD00F56AC7 /* reflectance-models */,
				35574ED7201E546B00F56AC7 /* transmitance-effects */,
				3517C718202C5D2D00C35683 /* surface-mapping */,
			);
			name = Products;
			sourceTree = "<group>";
		};
		35574E70201E524F00F56AC7 /* Rendering-GLSL */ = {
			isa = PBXGroup;
			children = (
				358D6C5C202B1A800043BD56 /* assets */,
				35574E81201E52ED00F56AC7 /* reflectance-models */,
				35574E8D201E52ED00F56AC7 /* transmitance-effects */,
				351A3437202E2D78003D73E2 /* surface-mapping */,
				358D6C66202B28E80043BD56 /* base */,
				35574E98201E52ED00F56AC7 /* vendors */,
			);
			path = "Rendering-GLSL";
			sourceTree = "<group>";
		};
		35574E81201E52ED00F56AC7 /* reflectance-models */ = {
			isa = PBXGroup;
			children = (
				35574EA0201E531B00F56AC7 /* shaders */,
				358D6C5E202B239C0043BD56 /* main.cpp */,
			);
			path = "reflectance-models";
			sourceTree = "<group>";
		};
		35574E8D201E52ED00F56AC7 /* transmitance-effects */ = {
			isa = PBXGroup;
			children = (
				35574EAA201E535C00F56AC7 /* shaders */,
				35574E97201E52ED00F56AC7 /* main.cpp */,
			);
			path = "transmitance-effects";
			sourceTree = "<group>";
		};
		35574E98201E52ED00F56AC7 /* vendors */ = {
			isa = PBXGroup;
			children = (
				358D6C77202B28F50043BD56 /* teapot.h */,
			);
			path = vendors;
			sourceTree = "<group>";
		};
		35574EB6201E53B400F56AC7 /* Frameworks */ = {
			isa = PBXGroup;
			children = (
				358D6C61202B279B0043BD56 /* libSDL-1.2.0.dylib */,
				35DCB18C2028E84C00F489AE /* libSDL2-2.0.0.dylib */,
				35DCB1892028E53000F489AE /* CoreVideo.framework */,
				35DCB1872028E52500F489AE /* IOKit.framework */,
				35DCB1852028E50F00F489AE /* AppKit.framework */,
				35DCB1832028E4FC00F489AE /* CoreFoundation.framework */,
				35DCB1812028E45300F489AE /* libglfw3.a */,
				359D770320231C5E008E378A /* libSOIL.a */,
				351F303D201FB28B006C4051 /* libGLEW.2.1.0.dylib */,
				351F303B201FB273006C4051 /* libglfw.3.2.dylib */,
				35574ED9201E56D700F56AC7 /* libassimp.4.1.0.dylib */,
				35574EBB201E53D100F56AC7 /* libGLEW.a */,
				35574EB9201E53BA00F56AC7 /* OpenGL.framework */,
				35574EB7201E53B500F56AC7 /* GLUT.framework */,
			);
			name = Frameworks;
			sourceTree = "<group>";
		};
		358D6C66202B28E80043BD56 /* base */ = {
			isa = PBXGroup;
			children = (
				358D6C68202B28E80043BD56 /* GLApplication.hpp */,
				358D6C6B202B28E80043BD56 /* GLApplication.cpp */,
				358D6C6D202B28E80043BD56 /* GLProgram.hpp */,
				358D6C6A202B28E80043BD56 /* GLProgram.cpp */,
				358D6C6C202B28E80043BD56 /* Texture.hpp */,
				358D6C69202B28E80043BD56 /* Texture.cpp */,
				3517C6F9202B983300C35683 /* CubeMap.cpp */,
				3517C6FA202B983300C35683 /* CubeMap.hpp */,
				358D6C6E202B28E80043BD56 /* Mesh.hpp */,
				358D6C67202B28E80043BD56 /* Mesh.cpp */,
				3517C6F1202B323100C35683 /* Size.hpp */,
				35714BEC2031BB7E00DF04E0 /* Skybox.cpp */,
				35714BED2031BB7E00DF04E0 /* Skybox.hpp */,
			);
			path = base;
			sourceTree = "<group>";
		};
/* End PBXGroup section */

/* Begin PBXNativeTarget section */
		3517C702202C5D2D00C35683 /* surface-mapping */ = {
			isa = PBXNativeTarget;
			buildConfigurationList = 3517C715202C5D2D00C35683 /* Build configuration list for PBXNativeTarget "surface-mapping" */;
			buildPhases = (
				3517C703202C5D2D00C35683 /* Sources */,
				3517C70A202C5D2D00C35683 /* Frameworks */,
				3517C712202C5D2D00C35683 /* CopyFiles */,
			);
			buildRules = (
			);
			dependencies = (
			);
			name = "surface-mapping";
			productName = "local-illumination";
			productReference = 3517C718202C5D2D00C35683 /* surface-mapping */;
			productType = "com.apple.product-type.tool";
		};
		35574EAE201E53AD00F56AC7 /* reflectance-models */ = {
			isa = PBXNativeTarget;
			buildConfigurationList = 35574EB3201E53AD00F56AC7 /* Build configuration list for PBXNativeTarget "reflectance-models" */;
			buildPhases = (
				35574EAB201E53AD00F56AC7 /* Sources */,
				35574EAC201E53AD00F56AC7 /* Frameworks */,
				35574EAD201E53AD00F56AC7 /* CopyFiles */,
			);
			buildRules = (
			);
			dependencies = (
			);
			name = "reflectance-models";
			productName = "local-illumination";
			productReference = 35574EAF201E53AD00F56AC7 /* reflectance-models */;
			productType = "com.apple.product-type.tool";
		};
		35574EC5201E546B00F56AC7 /* transmitance-effects */ = {
			isa = PBXNativeTarget;
			buildConfigurationList = 35574ED4201E546B00F56AC7 /* Build configuration list for PBXNativeTarget "transmitance-effects" */;
			buildPhases = (
				35574EC6201E546B00F56AC7 /* Sources */,
				35574ECE201E546B00F56AC7 /* Frameworks */,
				35574ED2201E546B00F56AC7 /* CopyFiles */,
			);
			buildRules = (
			);
			dependencies = (
			);
			name = "transmitance-effects";
			productName = "local-illumination";
			productReference = 35574ED7201E546B00F56AC7 /* transmitance-effects */;
			productType = "com.apple.product-type.tool";
		};
/* End PBXNativeTarget section */

/* Begin PBXProject section */
		35574E66201E524F00F56AC7 /* Project object */ = {
			isa = PBXProject;
			attributes = {
				LastUpgradeCheck = 0920;
				ORGANIZATIONNAME = PointerFLY;
				TargetAttributes = {
					3517C702202C5D2D00C35683 = {
						ProvisioningStyle = Automatic;
					};
					35574EAE201E53AD00F56AC7 = {
						CreatedOnToolsVersion = 9.2;
						ProvisioningStyle = Automatic;
					};
					35574EC5201E546B00F56AC7 = {
						ProvisioningStyle = Automatic;
					};
				};
			};
			buildConfigurationList = 35574E69201E524F00F56AC7 /* Build configuration list for PBXProject "Rendering-GLSL" */;
			compatibilityVersion = "Xcode 8.0";
			developmentRegion = en;
			hasScannedForEncodings = 0;
			knownRegions = (
				en,
			);
			mainGroup = 35574E65201E524F00F56AC7;
			productRefGroup = 35574E6F201E524F00F56AC7 /* Products */;
			projectDirPath = "";
			projectRoot = "";
			targets = (
				35574EAE201E53AD00F56AC7 /* reflectance-models */,
				35574EC5201E546B00F56AC7 /* transmitance-effects */,
				3517C702202C5D2D00C35683 /* surface-mapping */,
			);
		};
/* End PBXProject section */

/* Begin PBXSourcesBuildPhase section */
		3517C703202C5D2D00C35683 /* Sources */ = {
			isa = PBXSourcesBuildPhase;
			buildActionMask = 2147483647;
			files = (
				3517C704202C5D2D00C35683 /* GLProgram.cpp in Sources */,
				3517C705202C5D2D00C35683 /* Mesh.cpp in Sources */,
				35714BF02031BB7E00DF04E0 /* Skybox.cpp in Sources */,
				351A343C202E2D78003D73E2 /* main.cpp in Sources */,
				3517C706202C5D2D00C35683 /* Texture.cpp in Sources */,
				3517C708202C5D2D00C35683 /* GLApplication.cpp in Sources */,
				3517C709202C5D2D00C35683 /* CubeMap.cpp in Sources */,
			);
			runOnlyForDeploymentPostprocessing = 0;
		};
		35574EAB201E53AD00F56AC7 /* Sources */ = {
			isa = PBXSourcesBuildPhase;
			buildActionMask = 2147483647;
			files = (
				358D6C73202B28E80043BD56 /* GLProgram.cpp in Sources */,
				358D6C6F202B28E80043BD56 /* Mesh.cpp in Sources */,
				35714BEE2031BB7E00DF04E0 /* Skybox.cpp in Sources */,
				358D6C71202B28E80043BD56 /* Texture.cpp in Sources */,
				358D6C60202B239C0043BD56 /* main.cpp in Sources */,
				358D6C75202B28E80043BD56 /* GLApplication.cpp in Sources */,
				3517C6FB202B983300C35683 /* CubeMap.cpp in Sources */,
			);
			runOnlyForDeploymentPostprocessing = 0;
		};
		35574EC6201E546B00F56AC7 /* Sources */ = {
			isa = PBXSourcesBuildPhase;
			buildActionMask = 2147483647;
			files = (
				358D6C74202B28E80043BD56 /* GLProgram.cpp in Sources */,
				358D6C70202B28E80043BD56 /* Mesh.cpp in Sources */,
				35714BEF2031BB7E00DF04E0 /* Skybox.cpp in Sources */,
				3517C721202C5E3400C35683 /* main.cpp in Sources */,
				358D6C72202B28E80043BD56 /* Texture.cpp in Sources */,
				358D6C76202B28E80043BD56 /* GLApplication.cpp in Sources */,
				3517C6FC202B983300C35683 /* CubeMap.cpp in Sources */,
			);
			runOnlyForDeploymentPostprocessing = 0;
		};
/* End PBXSourcesBuildPhase section */

/* Begin XCBuildConfiguration section */
		3517C716202C5D2D00C35683 /* Debug */ = {
			isa = XCBuildConfiguration;
			buildSettings = {
				CLANG_WARN_DOCUMENTATION_COMMENTS = NO;
				CODE_SIGN_STYLE = Automatic;
				DEVELOPMENT_TEAM = HJ2DPGH38B;
				HEADER_SEARCH_PATHS = /usr/local/include;
				LIBRARY_SEARCH_PATHS = (
					"$(inherited)",
					/usr/local/Cellar/glew/2.1.0/lib,
					/usr/local/Cellar/assimp/4.1.0/lib,
					/usr/local/lib/,
					/usr/local/Cellar/glfw/3.2.1/lib,
					/usr/local/Cellar/sdl2/2.0.7/lib,
				);
				MACOSX_DEPLOYMENT_TARGET = 10.13;
				PRODUCT_NAME = "$(TARGET_NAME)";
			};
			name = Debug;
		};
		3517C717202C5D2D00C35683 /* Release */ = {
			isa = XCBuildConfiguration;
			buildSettings = {
				CLANG_WARN_DOCUMENTATION_COMMENTS = NO;
				CODE_SIGN_STYLE = Automatic;
				DEVELOPMENT_TEAM = HJ2DPGH38B;
				HEADER_SEARCH_PATHS = /usr/local/include;
				LIBRARY_SEARCH_PATHS = (
					"$(inherited)",
					/usr/local/Cellar/glew/2.1.0/lib,
					/usr/local/Cellar/assimp/4.1.0/lib,
					/usr/local/lib/,
					/usr/local/Cellar/glfw/3.2.1/lib,
					/usr/local/Cellar/sdl2/2.0.7/lib,
				);
				MACOSX_DEPLOYMENT_TARGET = 10.13;
				PRODUCT_NAME = "$(TARGET_NAME)";
			};
			name = Release;
		};
		35574E73201E524F00F56AC7 /* Debug */ = {
			isa = XCBuildConfiguration;
			buildSettings = {
				ALWAYS_SEARCH_USER_PATHS = NO;
				CLANG_ANALYZER_NONNULL = YES;
				CLANG_ANALYZER_NUMBER_OBJECT_CONVERSION = YES_AGGRESSIVE;
				CLANG_CXX_LANGUAGE_STANDARD = "gnu++14";
				CLANG_CXX_LIBRARY = "libc++";
				CLANG_ENABLE_MODULES = YES;
				CLANG_ENABLE_OBJC_ARC = YES;
				CLANG_WARN_BLOCK_CAPTURE_AUTORELEASING = YES;
				CLANG_WARN_BOOL_CONVERSION = YES;
				CLANG_WARN_COMMA = YES;
				CLANG_WARN_CONSTANT_CONVERSION = YES;
				CLANG_WARN_DIRECT_OBJC_ISA_USAGE = YES_ERROR;
				CLANG_WARN_DOCUMENTATION_COMMENTS = YES;
				CLANG_WARN_EMPTY_BODY = YES;
				CLANG_WARN_ENUM_CONVERSION = YES;
				CLANG_WARN_INFINITE_RECURSION = YES;
				CLANG_WARN_INT_CONVERSION = YES;
				CLANG_WARN_NON_LITERAL_NULL_CONVERSION = YES;
				CLANG_WARN_OBJC_LITERAL_CONVERSION = YES;
				CLANG_WARN_OBJC_ROOT_CLASS = YES_ERROR;
				CLANG_WARN_RANGE_LOOP_ANALYSIS = YES;
				CLANG_WARN_STRICT_PROTOTYPES = YES;
				CLANG_WARN_SUSPICIOUS_MOVE = YES;
				CLANG_WARN_UNGUARDED_AVAILABILITY = YES_AGGRESSIVE;
				CLANG_WARN_UNREACHABLE_CODE = YES;
				CLANG_WARN__DUPLICATE_METHOD_MATCH = YES;
				CODE_SIGN_IDENTITY = "Mac Developer";
				COPY_PHASE_STRIP = NO;
				DEBUG_INFORMATION_FORMAT = dwarf;
				ENABLE_STRICT_OBJC_MSGSEND = YES;
				ENABLE_TESTABILITY = YES;
				GCC_C_LANGUAGE_STANDARD = gnu11;
				GCC_DYNAMIC_NO_PIC = NO;
				GCC_NO_COMMON_BLOCKS = YES;
				GCC_OPTIMIZATION_LEVEL = 0;
				GCC_PREPROCESSOR_DEFINITIONS = (
					"DEBUG=1",
					"$(inherited)",
				);
				GCC_WARN_64_TO_32_BIT_CONVERSION = YES;
				GCC_WARN_ABOUT_RETURN_TYPE = YES_ERROR;
				GCC_WARN_UNDECLARED_SELECTOR = YES;
				GCC_WARN_UNINITIALIZED_AUTOS = YES_AGGRESSIVE;
				GCC_WARN_UNUSED_FUNCTION = YES;
				GCC_WARN_UNUSED_VARIABLE = YES;
				MACOSX_DEPLOYMENT_TARGET = 10.13;
				MTL_ENABLE_DEBUG_INFO = YES;
				ONLY_ACTIVE_ARCH = YES;
				SDKROOT = macosx;
			};
			name = Debug;
		};
		35574E74201E524F00F56AC7 /* Release */ = {
			isa = XCBuildConfiguration;
			buildSettings = {
				ALWAYS_SEARCH_USER_PATHS = NO;
				CLANG_ANALYZER_NONNULL = YES;
				CLANG_ANALYZER_NUMBER_OBJECT_CONVERSION = YES_AGGRESSIVE;
				CLANG_CXX_LANGUAGE_STANDARD = "gnu++14";
				CLANG_CXX_LIBRARY = "libc++";
				CLANG_ENABLE_MODULES = YES;
				CLANG_ENABLE_OBJC_ARC = YES;
				CLANG_WARN_BLOCK_CAPTURE_AUTORELEASING = YES;
				CLANG_WARN_BOOL_CONVERSION = YES;
				CLANG_WARN_COMMA = YES;
				CLANG_WARN_CONSTANT_CONVERSION = YES;
				CLANG_WARN_DIRECT_OBJC_ISA_USAGE = YES_ERROR;
				CLANG_WARN_DOCUMENTATION_COMMENTS = YES;
				CLANG_WARN_EMPTY_BODY = YES;
				CLANG_WARN_ENUM_CONVERSION = YES;
				CLANG_WARN_INFINITE_RECURSION = YES;
				CLANG_WARN_INT_CONVERSION = YES;
				CLANG_WARN_NON_LITERAL_NULL_CONVERSION = YES;
				CLANG_WARN_OBJC_LITERAL_CONVERSION = YES;
				CLANG_WARN_OBJC_ROOT_CLASS = YES_ERROR;
				CLANG_WARN_RANGE_LOOP_ANALYSIS = YES;
				CLANG_WARN_STRICT_PROTOTYPES = YES;
				CLANG_WARN_SUSPICIOUS_MOVE = YES;
				CLANG_WARN_UNGUARDED_AVAILABILITY = YES_AGGRESSIVE;
				CLANG_WARN_UNREACHABLE_CODE = YES;
				CLANG_WARN__DUPLICATE_METHOD_MATCH = YES;
				CODE_SIGN_IDENTITY = "Mac Developer";
				COPY_PHASE_STRIP = NO;
				DEBUG_INFORMATION_FORMAT = "dwarf-with-dsym";
				ENABLE_NS_ASSERTIONS = NO;
				ENABLE_STRICT_OBJC_MSGSEND = YES;
				GCC_C_LANGUAGE_STANDARD = gnu11;
				GCC_NO_COMMON_BLOCKS = YES;
				GCC_WARN_64_TO_32_BIT_CONVERSION = YES;
				GCC_WARN_ABOUT_RETURN_TYPE = YES_ERROR;
				GCC_WARN_UNDECLARED_SELECTOR = YES;
				GCC_WARN_UNINITIALIZED_AUTOS = YES_AGGRESSIVE;
				GCC_WARN_UNUSED_FUNCTION = YES;
				GCC_WARN_UNUSED_VARIABLE = YES;
				MACOSX_DEPLOYMENT_TARGET = 10.13;
				MTL_ENABLE_DEBUG_INFO = NO;
				SDKROOT = macosx;
			};
			name = Release;
		};
		35574EB4201E53AD00F56AC7 /* Debug */ = {
			isa = XCBuildConfiguration;
			buildSettings = {
				CLANG_WARN_DOCUMENTATION_COMMENTS = NO;
				CODE_SIGN_STYLE = Automatic;
				DEVELOPMENT_TEAM = HJ2DPGH38B;
				HEADER_SEARCH_PATHS = /usr/local/include;
				LIBRARY_SEARCH_PATHS = (
					"$(inherited)",
					/usr/local/Cellar/glew/2.1.0/lib,
					/usr/local/Cellar/glfw/3.2.1/lib,
					/usr/local/Cellar/sdl/1.2.15/lib,
					/usr/local/Cellar/sdl2/2.0.7/lib,
					/usr/local/lib,
				);
				MACOSX_DEPLOYMENT_TARGET = 10.13;
				PRODUCT_NAME = "$(TARGET_NAME)";
			};
			name = Debug;
		};
		35574EB5201E53AD00F56AC7 /* Release */ = {
			isa = XCBuildConfiguration;
			buildSettings = {
				CLANG_WARN_DOCUMENTATION_COMMENTS = NO;
				CODE_SIGN_STYLE = Automatic;
				DEVELOPMENT_TEAM = HJ2DPGH38B;
				HEADER_SEARCH_PATHS = /usr/local/include;
				LIBRARY_SEARCH_PATHS = (
					"$(inherited)",
					/usr/local/Cellar/glew/2.1.0/lib,
					/usr/local/Cellar/glfw/3.2.1/lib,
					/usr/local/Cellar/sdl/1.2.15/lib,
					/usr/local/Cellar/sdl2/2.0.7/lib,
					/usr/local/lib,
				);
				MACOSX_DEPLOYMENT_TARGET = 10.13;
				PRODUCT_NAME = "$(TARGET_NAME)";
			};
			name = Release;
		};
		35574ED5201E546B00F56AC7 /* Debug */ = {
			isa = XCBuildConfiguration;
			buildSettings = {
				CLANG_WARN_DOCUMENTATION_COMMENTS = NO;
				CODE_SIGN_STYLE = Automatic;
				DEVELOPMENT_TEAM = HJ2DPGH38B;
				HEADER_SEARCH_PATHS = /usr/local/include;
				LIBRARY_SEARCH_PATHS = (
					"$(inherited)",
					/usr/local/Cellar/glew/2.1.0/lib,
					/usr/local/Cellar/assimp/4.1.0/lib,
					/usr/local/lib/,
					/usr/local/Cellar/glfw/3.2.1/lib,
					/usr/local/Cellar/sdl2/2.0.7/lib,
				);
				MACOSX_DEPLOYMENT_TARGET = 10.13;
				PRODUCT_NAME = "$(TARGET_NAME)";
			};
			name = Debug;
		};
		35574ED6201E546B00F56AC7 /* Release */ = {
			isa = XCBuildConfiguration;
			buildSettings = {
				CLANG_WARN_DOCUMENTATION_COMMENTS = NO;
				CODE_SIGN_STYLE = Automatic;
				DEVELOPMENT_TEAM = HJ2DPGH38B;
				HEADER_SEARCH_PATHS = /usr/local/include;
				LIBRARY_SEARCH_PATHS = (
					"$(inherited)",
					/usr/local/Cellar/glew/2.1.0/lib,
					/usr/local/Cellar/assimp/4.1.0/lib,
					/usr/local/lib/,
					/usr/local/Cellar/glfw/3.2.1/lib,
					/usr/local/Cellar/sdl2/2.0.7/lib,
				);
				MACOSX_DEPLOYMENT_TARGET = 10.13;
				PRODUCT_NAME = "$(TARGET_NAME)";
			};
			name = Release;
		};
/* End XCBuildConfiguration section */

/* Begin XCConfigurationList section */
		3517C715202C5D2D00C35683 /* Build configuration list for PBXNativeTarget "surface-mapping" */ = {
			isa = XCConfigurationList;
			buildConfigurations = (
				3517C716202C5D2D00C35683 /* Debug */,
				3517C717202C5D2D00C35683 /* Release */,
			);
			defaultConfigurationIsVisible = 0;
			defaultConfigurationName = Release;
		};
		35574E69201E524F00F56AC7 /* Build configuration list for PBXProject "Rendering-GLSL" */ = {
			isa = XCConfigurationList;
			buildConfigurations = (
				35574E73201E524F00F56AC7 /* Debug */,
				35574E74201E524F00F56AC7 /* Release */,
			);
			defaultConfigurationIsVisible = 0;
			defaultConfigurationName = Release;
		};
		35574EB3201E53AD00F56AC7 /* Build configuration list for PBXNativeTarget "reflectance-models" */ = {
			isa = XCConfigurationList;
			buildConfigurations = (
				35574EB4201E53AD00F56AC7 /* Debug */,
				35574EB5201E53AD00F56AC7 /* Release */,
			);
			defaultConfigurationIsVisible = 0;
			defaultConfigurationName = Release;
		};
		35574ED4201E546B00F56AC7 /* Build configuration list for PBXNativeTarget "transmitance-effects" */ = {
			isa = XCConfigurationList;
			buildConfigurations = (
				35574ED5201E546B00F56AC7 /* Debug */,
				35574ED6201E546B00F56AC7 /* Release */,
			);
			defaultConfigurationIsVisible = 0;
			defaultConfigurationName = Release;
		};
/* End XCConfigurationList section */
	};
	rootObject = 35574E66201E524F00F56AC7 /* Project object */;
}
